# This file is automatically @generated by Cargo.
# It is not intended for manual editing.
version = 4

[[package]]
name = "memchr"
version = "2.8.3"
source = "registry+https://github.com/rust-lang/crates.io-index"
checksum = "cf8baf1c55e62ffcace7a9f06f4bd9cd3f0c4beb022d3b367256b91b87513d98"

[[package]]
name = "regress"
version = "0.12.0"
source = "registry+https://github.com/rust-lang/crates.io-index"
checksum = "32eef8b209c3c1c15dbad02c1f30f9539f00dc7253e0cbcdaae442a50a09d7c1"
dependencies = [
 "memchr",
]

[[package]]
name = "scriptc-runtime"
version = "0.0.35"
dependencies = [
 "regress",
]
